{
  "nodes": {
    "flake-utils": {
      "locked": {
        "lastModified": 1605370193,
        "narHash": "sha256-YyMTf3URDL/otKdKgtoMChu4vfVL3vCMkRqpGifhUn0=",
        "owner": "numtide",
        "repo": "flake-utils",
        "rev": "5021eac20303a61fafe17224c087f5519baed54d",
        "type": "github"
      },
      "original": {
        "owner": "numtide",
        "repo": "flake-utils",
        "type": "github"
      }
    },
    "flake-utils_2": {
      "locked": {
        "lastModified": 1605370193,
        "narHash": "sha256-YyMTf3URDL/otKdKgtoMChu4vfVL3vCMkRqpGifhUn0=",
        "owner": "numtide",
        "repo": "flake-utils",
        "rev": "5021eac20303a61fafe17224c087f5519baed54d",
        "type": "github"
      },
      "original": {
        "owner": "numtide",
        "repo": "flake-utils",
        "type": "github"
      }
    },
    "flake-utils_3": {
      "locked": {
        "lastModified": 1605370193,
        "narHash": "sha256-YyMTf3URDL/otKdKgtoMChu4vfVL3vCMkRqpGifhUn0=",
        "owner": "numtide",
        "repo": "flake-utils",
        "rev": "5021eac20303a61fafe17224c087f5519baed54d",
        "type": "github"
      },
      "original": {
        "owner": "numtide",
        "repo": "flake-utils",
        "type": "github"
      }
    },
    "nixpkgs": {
      "locked": {
        "lastModified": 1609026361,
        "narHash": "sha256-/cvQozy7j2FTuXmpVgVv7H85kL89zWUVrmqhc42ehbo=",
        "owner": "NixOS",
        "repo": "nixpkgs",
        "rev": "0c81b9a4f170f734bd7e587a39e56470c59733e7",
        "type": "github"
      },
      "original": {
        "owner": "NixOS",
        "ref": "nixos-20.09",
        "repo": "nixpkgs",
        "type": "github"
      }
    },
    "nixpkgs_2": {
      "locked": {
        "lastModified": 1609026361,
        "narHash": "sha256-/cvQozy7j2FTuXmpVgVv7H85kL89zWUVrmqhc42ehbo=",
        "owner": "NixOS",
        "repo": "nixpkgs",
        "rev": "0c81b9a4f170f734bd7e587a39e56470c59733e7",
        "type": "github"
      },
      "original": {
        "owner": "NixOS",
        "ref": "nixos-20.09",
        "repo": "nixpkgs",
        "type": "github"
      }
    },
    "nixpkgs_3": {
      "locked": {
        "lastModified": 1609026361,
        "narHash": "sha256-/cvQozy7j2FTuXmpVgVv7H85kL89zWUVrmqhc42ehbo=",
        "owner": "NixOS",
        "repo": "nixpkgs",
        "rev": "0c81b9a4f170f734bd7e587a39e56470c59733e7",
        "type": "github"
      },
      "original": {
        "owner": "NixOS",
        "ref": "nixos-20.09",
        "repo": "nixpkgs",
        "type": "github"
      }
    },
    "py-labSNMP": {
      "inputs": {
        "flake-utils": "flake-utils_2",
        "nixpkgs": "nixpkgs_2"
      },
      "locked": {
        "lastModified": 1609124099,
        "narHash": "sha256-ihAO6o1m0J3207/IBQRJRisw7D6cu8G+llvtwlNambQ=",
        "owner": "umd-lhcb",
        "repo": "labSNMP",
        "rev": "3278b320d0074601e4e8a219e590cd9d1333b78a",
        "type": "github"
      },
      "original": {
        "owner": "umd-lhcb",
        "repo": "labSNMP",
        "type": "github"
      }
    },
    "py-rpi_burnin": {
      "inputs": {
        "flake-utils": "flake-utils_3",
        "nixpkgs": "nixpkgs_3"
      },
      "locked": {
        "lastModified": 1609124138,
        "narHash": "sha256-kD6/MidAl78VpCII8CoKAMcePEOm39xhXpy6CkpaHHI=",
        "owner": "umd-lhcb",
        "repo": "rpi.burnin",
        "rev": "e6921bfd5673295de7a09e96dc2747d1d4536644",
        "type": "github"
      },
      "original": {
        "owner": "umd-lhcb",
        "repo": "rpi.burnin",
        "type": "github"
      }
    },
    "root": {
      "inputs": {
        "flake-utils": "flake-utils",
        "nixpkgs": "nixpkgs",
        "py-labSNMP": "py-labSNMP",
        "py-rpi_burnin": "py-rpi_burnin"
      }
    }
  },
  "root": "root",
  "version": 7
}
